
Microsoft Visual Studio Solution File, Format Version 12.00
# Visual Studio Version 17
VisualStudioVersion = 17.14.36109.1 d17.14
MinimumVisualStudioVersion = 10.0.40219.1
Project("{FAE04EC0-301F-11D3-BF4B-00C04F79EFBC}") = "StaffRegister", "PersonnelRegister\StaffRegister.csproj", "{C6275BD6-5138-4063-B416-38321A91F5B9}"
EndProject
Global
	GlobalSection(SolutionConfigurationPlatforms) = preSolution
		Debug|Any CPU = Debug|Any CPU
		Release|Any CPU = Release|Any CPU
	EndGlobalSection
	GlobalSection(ProjectConfigurationPlatforms) = postSolution
		{C6275BD6-5138-4063-B416-38321A91F5B9}.Debug|Any CPU.ActiveCfg = Debug|Any CPU
		{C6275BD6-5138-4063-B416-38321A91F5B9}.Debug|Any CPU.Build.0 = Debug|Any CPU
		{C6275BD6-5138-4063-B416-38321A91F5B9}.Release|Any CPU.ActiveCfg = Release|Any CPU
		{C6275BD6-5138-4063-B416-38321A91F5B9}.Release|Any CPU.Build.0 = Release|Any CPU
	EndGlobalSection
	GlobalSection(SolutionProperties) = preSolution
		HideSolutionNode = FALSE
	EndGlobalSection
	GlobalSection(ExtensibilityGlobals) = postSolution
		SolutionGuid = {81765A67-1665-4559-B358-D09DBDFE2220}
	EndGlobalSection
EndGlobal
